{
  "requires": true,
  "lockfileVersion": 1,
  "dependencies": {
    "elfinder-material-theme": {
      "version": "2.1.11",
      "resolved": "https://registry.npmjs.org/elfinder-material-theme/-/elfinder-material-theme-2.1.11.tgz",
      "integrity": "sha512-zLS/bMdijCY0I/NG9et4cyZTEcV7rsnQL0G3THd5wIbuuGHHgtjZcfGPt//9DIzyhImeNNWMmhMUP4+9XrKpqg=="
    }
  }
}
