
Microsoft Visual Studio Solution File, Format Version 12.00
# Visual Studio Version 16
VisualStudioVersion = 16.0.30204.135
MinimumVisualStudioVersion = 10.0.40219.1
Project("{9A19103F-16F7-4668-BE54-9A1E7A4F7556}") = "Hiver.WebApp", "Hiver.WebApp\Hiver.WebApp.csproj", "{188D5F33-3B67-4477-9A50-AFB8AC66DB7E}"
EndProject
Project("{9A19103F-16F7-4668-BE54-9A1E7A4F7556}") = "Hiver.BackendApi", "Hiver.BackendApi\Hiver.BackendApi.csproj", "{90D36895-9DCE-4EFA-AAA6-C9F684B0FFCF}"
EndProject
Project("{9A19103F-16F7-4668-BE54-9A1E7A4F7556}") = "Hiver.Data", "Hiver.Data\Hiver.Data.csproj", "{D0DF6679-21FE-430E-B094-B425FB7CA9E4}"
EndProject
Project("{9A19103F-16F7-4668-BE54-9A1E7A4F7556}") = "Hiver.Application", "Hiver.Application\Hiver.Application.csproj", "{F53B237A-8B66-4AF6-AA8B-AE5D86F5A1EB}"
EndProject
Project("{9A19103F-16F7-4668-BE54-9A1E7A4F7556}") = "Hiver.Utilities", "Hiver.Utilities\Hiver.Utilities.csproj", "{C9A40A7F-132A-43BC-8D85-8C40508928C7}"
EndProject
Project("{9A19103F-16F7-4668-BE54-9A1E7A4F7556}") = "Hiver.ViewModels", "Hiver.ViewModels\Hiver.ViewModels.csproj", "{5BA0C495-33DD-4CA6-96DA-B541096D4D65}"
EndProject
Project("{9A19103F-16F7-4668-BE54-9A1E7A4F7556}") = "Hiver.ApiIntegration", "Hiver.ApiIntegration\Hiver.ApiIntegration.csproj", "{DE5C631B-915E-4F0D-A19D-0AF0F10598D5}"
EndProject
Project("{FAE04EC0-301F-11D3-BF4B-00C04F79EFBC}") = "Hiver.AdminApp", "Hiver.AdminApp\Hiver.AdminApp.csproj", "{D747810C-5BAD-4E25-B781-8850F39482B1}"
EndProject
Global
	GlobalSection(SolutionConfigurationPlatforms) = preSolution
		Debug|Any CPU = Debug|Any CPU
		Release|Any CPU = Release|Any CPU
	EndGlobalSection
	GlobalSection(ProjectConfigurationPlatforms) = postSolution
		{188D5F33-3B67-4477-9A50-AFB8AC66DB7E}.Debug|Any CPU.ActiveCfg = Debug|Any CPU
		{188D5F33-3B67-4477-9A50-AFB8AC66DB7E}.Debug|Any CPU.Build.0 = Debug|Any CPU
		{188D5F33-3B67-4477-9A50-AFB8AC66DB7E}.Release|Any CPU.ActiveCfg = Release|Any CPU
		{188D5F33-3B67-4477-9A50-AFB8AC66DB7E}.Release|Any CPU.Build.0 = Release|Any CPU
		{90D36895-9DCE-4EFA-AAA6-C9F684B0FFCF}.Debug|Any CPU.ActiveCfg = Debug|Any CPU
		{90D36895-9DCE-4EFA-AAA6-C9F684B0FFCF}.Debug|Any CPU.Build.0 = Debug|Any CPU
		{90D36895-9DCE-4EFA-AAA6-C9F684B0FFCF}.Release|Any CPU.ActiveCfg = Release|Any CPU
		{90D36895-9DCE-4EFA-AAA6-C9F684B0FFCF}.Release|Any CPU.Build.0 = Release|Any CPU
		{D0DF6679-21FE-430E-B094-B425FB7CA9E4}.Debug|Any CPU.ActiveCfg = Debug|Any CPU
		{D0DF6679-21FE-430E-B094-B425FB7CA9E4}.Debug|Any CPU.Build.0 = Debug|Any CPU
		{D0DF6679-21FE-430E-B094-B425FB7CA9E4}.Release|Any CPU.ActiveCfg = Release|Any CPU
		{D0DF6679-21FE-430E-B094-B425FB7CA9E4}.Release|Any CPU.Build.0 = Release|Any CPU
		{F53B237A-8B66-4AF6-AA8B-AE5D86F5A1EB}.Debug|Any CPU.ActiveCfg = Debug|Any CPU
		{F53B237A-8B66-4AF6-AA8B-AE5D86F5A1EB}.Debug|Any CPU.Build.0 = Debug|Any CPU
		{F53B237A-8B66-4AF6-AA8B-AE5D86F5A1EB}.Release|Any CPU.ActiveCfg = Release|Any CPU
		{F53B237A-8B66-4AF6-AA8B-AE5D86F5A1EB}.Release|Any CPU.Build.0 = Release|Any CPU
		{C9A40A7F-132A-43BC-8D85-8C40508928C7}.Debug|Any CPU.ActiveCfg = Debug|Any CPU
		{C9A40A7F-132A-43BC-8D85-8C40508928C7}.Debug|Any CPU.Build.0 = Debug|Any CPU
		{C9A40A7F-132A-43BC-8D85-8C40508928C7}.Release|Any CPU.ActiveCfg = Release|Any CPU
		{C9A40A7F-132A-43BC-8D85-8C40508928C7}.Release|Any CPU.Build.0 = Release|Any CPU
		{5BA0C495-33DD-4CA6-96DA-B541096D4D65}.Debug|Any CPU.ActiveCfg = Debug|Any CPU
		{5BA0C495-33DD-4CA6-96DA-B541096D4D65}.Debug|Any CPU.Build.0 = Debug|Any CPU
		{5BA0C495-33DD-4CA6-96DA-B541096D4D65}.Release|Any CPU.ActiveCfg = Release|Any CPU
		{5BA0C495-33DD-4CA6-96DA-B541096D4D65}.Release|Any CPU.Build.0 = Release|Any CPU
		{DE5C631B-915E-4F0D-A19D-0AF0F10598D5}.Debug|Any CPU.ActiveCfg = Debug|Any CPU
		{DE5C631B-915E-4F0D-A19D-0AF0F10598D5}.Debug|Any CPU.Build.0 = Debug|Any CPU
		{DE5C631B-915E-4F0D-A19D-0AF0F10598D5}.Release|Any CPU.ActiveCfg = Release|Any CPU
		{DE5C631B-915E-4F0D-A19D-0AF0F10598D5}.Release|Any CPU.Build.0 = Release|Any CPU
		{D747810C-5BAD-4E25-B781-8850F39482B1}.Debug|Any CPU.ActiveCfg = Debug|Any CPU
		{D747810C-5BAD-4E25-B781-8850F39482B1}.Debug|Any CPU.Build.0 = Debug|Any CPU
		{D747810C-5BAD-4E25-B781-8850F39482B1}.Release|Any CPU.ActiveCfg = Release|Any CPU
		{D747810C-5BAD-4E25-B781-8850F39482B1}.Release|Any CPU.Build.0 = Release|Any CPU
	EndGlobalSection
	GlobalSection(SolutionProperties) = preSolution
		HideSolutionNode = FALSE
	EndGlobalSection
	GlobalSection(ExtensibilityGlobals) = postSolution
		SolutionGuid = {94E345F5-E1EB-49AF-8595-8C125C5573F4}
	EndGlobalSection
EndGlobal
